// !$*UTF8*$!
{
	archiveVersion = 1;
	classes = {
	};
	objectVersion = 55;
	objects = {

/* Begin PBXBuildFile section */
		1A01EA1A273269AA00F8959F /* AppDelegate.swift in Sources */ = {isa = PBXBuildFile; fileRef = 1A01EA19273269AA00F8959F /* AppDelegate.swift */; };
		1A01EA1C273269AA00F8959F /* SceneDelegate.swift in Sources */ = {isa = PBXBuildFile; fileRef = 1A01EA1B273269AA00F8959F /* SceneDelegate.swift */; };
		1A01EA1E273269AA00F8959F /* ViewController.swift in Sources */ = {isa = PBXBuildFile; fileRef = 1A01EA1D273269AA00F8959F /* ViewController.swift */; };
		1A01EA21273269AA00F8959F /* Main.storyboard in Resources */ = {isa = PBXBuildFile; fileRef = 1A01EA1F273269AA00F8959F /* Main.storyboard */; };
		1A01EA23273269AD00F8959F /* Assets.xcassets in Resources */ = {isa = PBXBuildFile; fileRef = 1A01EA22273269AD00F8959F /* Assets.xcassets */; };
		1A01EA26273269AD00F8959F /* LaunchScreen.storyboard in Resources */ = {isa = PBXBuildFile; fileRef = 1A01EA24273269AD00F8959F /* LaunchScreen.storyboard */; };
		1A01EA2E27326C2E00F8959F /* ShoppingTableViewCell.swift in Sources */ = {isa = PBXBuildFile; fileRef = 1A01EA2D27326C2E00F8959F /* ShoppingTableViewCell.swift */; };
		1A01EA3027326C3F00F8959F /* ShoppingViewController.swift in Sources */ = {isa = PBXBuildFile; fileRef = 1A01EA2F27326C3F00F8959F /* ShoppingViewController.swift */; };
		1A01EA3327326E8300F8959F /* Realm in Frameworks */ = {isa = PBXBuildFile; productRef = 1A01EA3227326E8300F8959F /* Realm */; };
		1A01EA3527326E8300F8959F /* RealmSwift in Frameworks */ = {isa = PBXBuildFile; productRef = 1A01EA3427326E8300F8959F /* RealmSwift */; };
		1A01EA37273270CB00F8959F /* RealmModel.swift in Sources */ = {isa = PBXBuildFile; fileRef = 1A01EA36273270CB00F8959F /* RealmModel.swift */; };
/* End PBXBuildFile section */

/* Begin PBXFileReference section */
		1A01EA16273269AA00F8959F /* ShoppingList.app */ = {isa = PBXFileReference; explicitFileType = wrapper.application; includeInIndex = 0; path = ShoppingList.app; sourceTree = BUILT_PRODUCTS_DIR; };
		1A01EA19273269AA00F8959F /* AppDelegate.swift */ = {isa = PBXFileReference; lastKnownFileType = sourcecode.swift; path = AppDelegate.swift; sourceTree = "<group>"; };
		1A01EA1B273269AA00F8959F /* SceneDelegate.swift */ = {isa = PBXFileReference; lastKnownFileType = sourcecode.swift; path = SceneDelegate.swift; sourceTree = "<group>"; };
		1A01EA1D273269AA00F8959F /* ViewController.swift */ = {isa = PBXFileReference; lastKnownFileType = sourcecode.swift; path = ViewController.swift; sourceTree = "<group>"; };
		1A01EA20273269AA00F8959F /* Base */ = {isa = PBXFileReference; lastKnownFileType = file.storyboard; name = Base; path = Base.lproj/Main.storyboard; sourceTree = "<group>"; };
		1A01EA22273269AD00F8959F /* Assets.xcassets */ = {isa = PBXFileReference; lastKnownFileType = folder.assetcatalog; path = Assets.xcassets; sourceTree = "<group>"; };
		1A01EA25273269AD00F8959F /* Base */ = {isa = PBXFileReference; lastKnownFileType = file.storyboard; name = Base; path = Base.lproj/LaunchScreen.storyboard; sourceTree = "<group>"; };
		1A01EA27273269AD00F8959F /* Info.plist */ = {isa = PBXFileReference; lastKnownFileType = text.plist.xml; path = Info.plist; sourceTree = "<group>"; };
		1A01EA2D27326C2E00F8959F /* ShoppingTableViewCell.swift */ = {isa = PBXFileReference; lastKnownFileType = sourcecode.swift; path = ShoppingTableViewCell.swift; sourceTree = "<group>"; };
		1A01EA2F27326C3F00F8959F /* ShoppingViewController.swift */ = {isa = PBXFileReference; lastKnownFileType = sourcecode.swift; path = ShoppingViewController.swift; sourceTree = "<group>"; };
		1A01EA36273270CB00F8959F /* RealmModel.swift */ = {isa = PBXFileReference; lastKnownFileType = sourcecode.swift; path = RealmModel.swift; sourceTree = "<group>"; };
/* End PBXFileReference section */

/* Begin PBXFrameworksBuildPhase section */
		1A01EA13273269AA00F8959F /* Frameworks */ = {
			isa = PBXFrameworksBuildPhase;
			buildActionMask = 2147483647;
			files = (
				1A01EA3527326E8300F8959F /* RealmSwift in Frameworks */,
				1A01EA3327326E8300F8959F /* Realm in Frameworks */,
			);
			runOnlyForDeploymentPostprocessing = 0;
		};
/* End PBXFrameworksBuildPhase section */

/* Begin PBXGroup section */
		1A01EA0D273269AA00F8959F = {
			isa = PBXGroup;
			children = (
				1A01EA18273269AA00F8959F /* ShoppingList */,
				1A01EA17273269AA00F8959F /* Products */,
			);
			sourceTree = "<group>";
		};
		1A01EA17273269AA00F8959F /* Products */ = {
			isa = PBXGroup;
			children = (
				1A01EA16273269AA00F8959F /* ShoppingList.app */,
			);
			name = Products;
			sourceTree = "<group>";
		};
		1A01EA18273269AA00F8959F /* ShoppingList */ = {
			isa = PBXGroup;
			children = (
				1A01EA19273269AA00F8959F /* AppDelegate.swift */,
				1A01EA1B273269AA00F8959F /* SceneDelegate.swift */,
				1A01EA1D273269AA00F8959F /* ViewController.swift */,
				1A01EA1F273269AA00F8959F /* Main.storyboard */,
				1A01EA2D27326C2E00F8959F /* ShoppingTableViewCell.swift */,
				1A01EA2F27326C3F00F8959F /* ShoppingViewController.swift */,
				1A01EA36273270CB00F8959F /* RealmModel.swift */,
				1A01EA22273269AD00F8959F /* Assets.xcassets */,
				1A01EA24273269AD00F8959F /* LaunchScreen.storyboard */,
				1A01EA27273269AD00F8959F /* Info.plist */,
			);
			path = ShoppingList;
			sourceTree = "<group>";
		};
/* End PBXGroup section */

/* Begin PBXNativeTarget section */
		1A01EA15273269AA00F8959F /* ShoppingList */ = {
			isa = PBXNativeTarget;
			buildConfigurationList = 1A01EA2A273269AD00F8959F /* Build configuration list for PBXNativeTarget "ShoppingList" */;
			buildPhases = (
				1A01EA12273269AA00F8959F /* Sources */,
				1A01EA13273269AA00F8959F /* Frameworks */,
				1A01EA14273269AA00F8959F /* Resources */,
			);
			buildRules = (
			);
			dependencies = (
			);
			name = ShoppingList;
			packageProductDependencies = (
				1A01EA3227326E8300F8959F /* Realm */,
				1A01EA3427326E8300F8959F /* RealmSwift */,
			);
			productName = ShoppingList;
			productReference = 1A01EA16273269AA00F8959F /* ShoppingList.app */;
			productType = "com.apple.product-type.application";
		};
/* End PBXNativeTarget section */

/* Begin PBXProject section */
		1A01EA0E273269AA00F8959F /* Project object */ = {
			isa = PBXProject;
			attributes = {
				BuildIndependentTargetsInParallel = 1;
				LastSwiftUpdateCheck = 1310;
				LastUpgradeCheck = 1310;
				TargetAttributes = {
					1A01EA15273269AA00F8959F = {
						CreatedOnToolsVersion = 13.1;
					};
				};
			};
			buildConfigurationList = 1A01EA11273269AA00F8959F /* Build configuration list for PBXProject "ShoppingList" */;
			compatibilityVersion = "Xcode 13.0";
			developmentRegion = en;
			hasScannedForEncodings = 0;
			knownRegions = (
				en,
				Base,
			);
			mainGroup = 1A01EA0D273269AA00F8959F;
			packageReferences = (
				1A01EA3127326E8300F8959F /* XCRemoteSwiftPackageReference "realm-cocoa" */,
			);
			productRefGroup = 1A01EA17273269AA00F8959F /* Products */;
			projectDirPath = "";
			projectRoot = "";
			targets = (
				1A01EA15273269AA00F8959F /* ShoppingList */,
			);
		};
/* End PBXProject section */

/* Begin PBXResourcesBuildPhase section */
		1A01EA14273269AA00F8959F /* Resources */ = {
			isa = PBXResourcesBuildPhase;
			buildActionMask = 2147483647;
			files = (
				1A01EA26273269AD00F8959F /* LaunchScreen.storyboard in Resources */,
				1A01EA23273269AD00F8959F /* Assets.xcassets in Resources */,
				1A01EA21273269AA00F8959F /* Main.storyboard in Resources */,
			);
			runOnlyForDeploymentPostprocessing = 0;
		};
/* End PBXResourcesBuildPhase section */

/* Begin PBXSourcesBuildPhase section */
		1A01EA12273269AA00F8959F /* Sources */ = {
			isa = PBXSourcesBuildPhase;
			buildActionMask = 2147483647;
			files = (
				1A01EA1E273269AA00F8959F /* ViewController.swift in Sources */,
				1A01EA37273270CB00F8959F /* RealmModel.swift in Sources */,
				1A01EA2E27326C2E00F8959F /* ShoppingTableViewCell.swift in Sources */,
				1A01EA1A273269AA00F8959F /* AppDelegate.swift in Sources */,
				1A01EA1C273269AA00F8959F /* SceneDelegate.swift in Sources */,
				1A01EA3027326C3F00F8959F /* ShoppingViewController.swift in Sources */,
			);
			runOnlyForDeploymentPostprocessing = 0;
		};
/* End PBXSourcesBuildPhase section */

/* Begin PBXVariantGroup section */
		1A01EA1F273269AA00F8959F /* Main.storyboard */ = {
			isa = PBXVariantGroup;
			children = (
				1A01EA20273269AA00F8959F /* Base */,
			);
			name = Main.storyboard;
			sourceTree = "<group>";
		};
		1A01EA24273269AD00F8959F /* LaunchScreen.storyboard */ = {
			isa = PBXVariantGroup;
			children = (
				1A01EA25273269AD00F8959F /* Base */,
			);
			name = LaunchScreen.storyboard;
			sourceTree = "<group>";
		};
/* End PBXVariantGroup section */

/* Begin XCBuildConfiguration section */
		1A01EA28273269AD00F8959F /* Debug */ = {
			isa = XCBuildConfiguration;
			buildSettings = {
				ALWAYS_SEARCH_USER_PATHS = NO;
				CLANG_ANALYZER_NONNULL = YES;
				CLANG_ANALYZER_NUMBER_OBJECT_CONVERSION = YES_AGGRESSIVE;
				CLANG_CXX_LANGUAGE_STANDARD = "gnu++17";
				CLANG_CXX_LIBRARY = "libc++";
				CLANG_ENABLE_MODULES = YES;
				CLANG_ENABLE_OBJC_ARC = YES;
				CLANG_ENABLE_OBJC_WEAK = YES;
				CLANG_WARN_BLOCK_CAPTURE_AUTORELEASING = YES;
				CLANG_WARN_BOOL_CONVERSION = YES;
				CLANG_WARN_COMMA = YES;
				CLANG_WARN_CONSTANT_CONVERSION = YES;
				CLANG_WARN_DEPRECATED_OBJC_IMPLEMENTATIONS = YES;
				CLANG_WARN_DIRECT_OBJC_ISA_USAGE = YES_ERROR;
				CLANG_WARN_DOCUMENTATION_COMMENTS = YES;
				CLANG_WARN_EMPTY_BODY = YES;
				CLANG_WARN_ENUM_CONVERSION = YES;
				CLANG_WARN_INFINITE_RECURSION = YES;
				CLANG_WARN_INT_CONVERSION = YES;
				CLANG_WARN_NON_LITERAL_NULL_CONVERSION = YES;
				CLANG_WARN_OBJC_IMPLICIT_RETAIN_SELF = YES;
				CLANG_WARN_OBJC_LITERAL_CONVERSION = YES;
				CLANG_WARN_OBJC_ROOT_CLASS = YES_ERROR;
				CLANG_WARN_QUOTED_INCLUDE_IN_FRAMEWORK_HEADER = YES;
				CLANG_WARN_RANGE_LOOP_ANALYSIS = YES;
				CLANG_WARN_STRICT_PROTOTYPES = YES;
				CLANG_WARN_SUSPICIOUS_MOVE = YES;
				CLANG_WARN_UNGUARDED_AVAILABILITY = YES_AGGRESSIVE;
				CLANG_WARN_UNREACHABLE_CODE = YES;
				CLANG_WARN__DUPLICATE_METHOD_MATCH = YES;
				COPY_PHASE_STRIP = NO;
				DEBUG_INFORMATION_FORMAT = dwarf;
				ENABLE_STRICT_OBJC_MSGSEND = YES;
				ENABLE_TESTABILITY = YES;
				GCC_C_LANGUAGE_STANDARD = gnu11;
				GCC_DYNAMIC_NO_PIC = NO;
				GCC_NO_COMMON_BLOCKS = YES;
				GCC_OPTIMIZATION_LEVEL = 0;
				GCC_PREPROCESSOR_DEFINITIONS = (
					"DEBUG=1",
					"$(inherited)",
				);
				GCC_WARN_64_TO_32_BIT_CONVERSION = YES;
				GCC_WARN_ABOUT_RETURN_TYPE = YES_ERROR;
				GCC_WARN_UNDECLARED_SELECTOR = YES;
				GCC_WARN_UNINITIALIZED_AUTOS = YES_AGGRESSIVE;
				GCC_WARN_UNUSED_FUNCTION = YES;
				GCC_WARN_UNUSED_VARIABLE = YES;
				IPHONEOS_DEPLOYMENT_TARGET = 15.0;
				MTL_ENABLE_DEBUG_INFO = INCLUDE_SOURCE;
				MTL_FAST_MATH = YES;
				ONLY_ACTIVE_ARCH = YES;
				SDKROOT = iphoneos;
				SWIFT_ACTIVE_COMPILATION_CONDITIONS = DEBUG;
				SWIFT_OPTIMIZATION_LEVEL = "-Onone";
			};
			name = Debug;
		};
		1A01EA29273269AD00F8959F /* Release */ = {
			isa = XCBuildConfiguration;
			buildSettings = {
				ALWAYS_SEARCH_USER_PATHS = NO;
				CLANG_ANALYZER_NONNULL = YES;
				CLANG_ANALYZER_NUMBER_OBJECT_CONVERSION = YES_AGGRESSIVE;
				CLANG_CXX_LANGUAGE_STANDARD = "gnu++17";
				CLANG_CXX_LIBRARY = "libc++";
				CLANG_ENABLE_MODULES = YES;
				CLANG_ENABLE_OBJC_ARC = YES;
				CLANG_ENABLE_OBJC_WEAK = YES;
				CLANG_WARN_BLOCK_CAPTURE_AUTORELEASING = YES;
				CLANG_WARN_BOOL_CONVERSION = YES;
				CLANG_WARN_COMMA = YES;
				CLANG_WARN_CONSTANT_CONVERSION = YES;
				CLANG_WARN_DEPRECATED_OBJC_IMPLEMENTATIONS = YES;
				CLANG_WARN_DIRECT_OBJC_ISA_USAGE = YES_ERROR;
				CLANG_WARN_DOCUMENTATION_COMMENTS = YES;
				CLANG_WARN_EMPTY_BODY = YES;
				CLANG_WARN_ENUM_CONVERSION = YES;
				CLANG_WARN_INFINITE_RECURSION = YES;
				CLANG_WARN_INT_CONVERSION = YES;
				CLANG_WARN_NON_LITERAL_NULL_CONVERSION = YES;
				CLANG_WARN_OBJC_IMPLICIT_RETAIN_SELF = YES;
				CLANG_WARN_OBJC_LITERAL_CONVERSION = YES;
				CLANG_WARN_OBJC_ROOT_CLASS = YES_ERROR;
				CLANG_WARN_QUOTED_INCLUDE_IN_FRAMEWORK_HEADER = YES;
				CLANG_WARN_RANGE_LOOP_ANALYSIS = YES;
				CLANG_WARN_STRICT_PROTOTYPES = YES;
				CLANG_WARN_SUSPICIOUS_MOVE = YES;
				CLANG_WARN_UNGUARDED_AVAILABILITY = YES_AGGRESSIVE;
				CLANG_WARN_UNREACHABLE_CODE = YES;
				CLANG_WARN__DUPLICATE_METHOD_MATCH = YES;
				COPY_PHASE_STRIP = NO;
				DEBUG_INFORMATION_FORMAT = "dwarf-with-dsym";
				ENABLE_NS_ASSERTIONS = NO;
				ENABLE_STRICT_OBJC_MSGSEND = YES;
				GCC_C_LANGUAGE_STANDARD = gnu11;
				GCC_NO_COMMON_BLOCKS = YES;
				GCC_WARN_64_TO_32_BIT_CONVERSION = YES;
				GCC_WARN_ABOUT_RETURN_TYPE = YES_ERROR;
				GCC_WARN_UNDECLARED_SELECTOR = YES;
				GCC_WARN_UNINITIALIZED_AUTOS = YES_AGGRESSIVE;
				GCC_WARN_UNUSED_FUNCTION = YES;
				GCC_WARN_UNUSED_VARIABLE = YES;
				IPHONEOS_DEPLOYMENT_TARGET = 15.0;
				MTL_ENABLE_DEBUG_INFO = NO;
				MTL_FAST_MATH = YES;
				SDKROOT = iphoneos;
				SWIFT_COMPILATION_MODE = wholemodule;
				SWIFT_OPTIMIZATION_LEVEL = "-O";
				VALIDATE_PRODUCT = YES;
			};
			name = Release;
		};
		1A01EA2B273269AD00F8959F /* Debug */ = {
			isa = XCBuildConfiguration;
			buildSettings = {
				ASSETCATALOG_COMPILER_APPICON_NAME = AppIcon;
				ASSETCATALOG_COMPILER_GLOBAL_ACCENT_COLOR_NAME = AccentColor;
				CODE_SIGN_STYLE = Automatic;
				CURRENT_PROJECT_VERSION = 1;
				DEVELOPMENT_TEAM = 97JRLS4642;
				GENERATE_INFOPLIST_FILE = YES;
				INFOPLIST_FILE = ShoppingList/Info.plist;
				INFOPLIST_KEY_UIApplicationSupportsIndirectInputEvents = YES;
				INFOPLIST_KEY_UILaunchStoryboardName = LaunchScreen;
				INFOPLIST_KEY_UIMainStoryboardFile = Main;
				INFOPLIST_KEY_UISupportedInterfaceOrientations_iPad = "UIInterfaceOrientationPortrait UIInterfaceOrientationPortraitUpsideDown UIInterfaceOrientationLandscapeLeft UIInterfaceOrientationLandscapeRight";
				INFOPLIST_KEY_UISupportedInterfaceOrientations_iPhone = "UIInterfaceOrientationPortrait UIInterfaceOrientationLandscapeLeft UIInterfaceOrientationLandscapeRight";
				LD_RUNPATH_SEARCH_PATHS = (
					"$(inherited)",
					"@executable_path/Frameworks",
				);
				MARKETING_VERSION = 1.0;
				PRODUCT_BUNDLE_IDENTIFIER = FKAKA.inc.ShoppingList;
				PRODUCT_NAME = "$(TARGET_NAME)";
				SWIFT_EMIT_LOC_STRINGS = YES;
				SWIFT_VERSION = 5.0;
				TARGETED_DEVICE_FAMILY = "1,2";
			};
			name = Debug;
		};
		1A01EA2C273269AD00F8959F /* Release */ = {
			isa = XCBuildConfiguration;
			buildSettings = {
				ASSETCATALOG_COMPILER_APPICON_NAME = AppIcon;
				ASSETCATALOG_COMPILER_GLOBAL_ACCENT_COLOR_NAME = AccentColor;
				CODE_SIGN_STYLE = Automatic;
				CURRENT_PROJECT_VERSION = 1;
				DEVELOPMENT_TEAM = 97JRLS4642;
				GENERATE_INFOPLIST_FILE = YES;
				INFOPLIST_FILE = ShoppingList/Info.plist;
				INFOPLIST_KEY_UIApplicationSupportsIndirectInputEvents = YES;
				INFOPLIST_KEY_UILaunchStoryboardName = LaunchScreen;
				INFOPLIST_KEY_UIMainStoryboardFile = Main;
				INFOPLIST_KEY_UISupportedInterfaceOrientations_iPad = "UIInterfaceOrientationPortrait UIInterfaceOrientationPortraitUpsideDown UIInterfaceOrientationLandscapeLeft UIInterfaceOrientationLandscapeRight";
				INFOPLIST_KEY_UISupportedInterfaceOrientations_iPhone = "UIInterfaceOrientationPortrait UIInterfaceOrientationLandscapeLeft UIInterfaceOrientationLandscapeRight";
				LD_RUNPATH_SEARCH_PATHS = (
					"$(inherited)",
					"@executable_path/Frameworks",
				);
				MARKETING_VERSION = 1.0;
				PRODUCT_BUNDLE_IDENTIFIER = FKAKA.inc.ShoppingList;
				PRODUCT_NAME = "$(TARGET_NAME)";
				SWIFT_EMIT_LOC_STRINGS = YES;
				SWIFT_VERSION = 5.0;
				TARGETED_DEVICE_FAMILY = "1,2";
			};
			name = Release;
		};
/* End XCBuildConfiguration section */

/* Begin XCConfigurationList section */
		1A01EA11273269AA00F8959F /* Build configuration list for PBXProject "ShoppingList" */ = {
			isa = XCConfigurationList;
			buildConfigurations = (
				1A01EA28273269AD00F8959F /* Debug */,
				1A01EA29273269AD00F8959F /* Release */,
			);
			defaultConfigurationIsVisible = 0;
			defaultConfigurationName = Release;
		};
		1A01EA2A273269AD00F8959F /* Build configuration list for PBXNativeTarget "ShoppingList" */ = {
			isa = XCConfigurationList;
			buildConfigurations = (
				1A01EA2B273269AD00F8959F /* Debug */,
				1A01EA2C273269AD00F8959F /* Release */,
			);
			defaultConfigurationIsVisible = 0;
			defaultConfigurationName = Release;
		};
/* End XCConfigurationList section */

/* Begin XCRemoteSwiftPackageReference section */
		1A01EA3127326E8300F8959F /* XCRemoteSwiftPackageReference "realm-cocoa" */ = {
			isa = XCRemoteSwiftPackageReference;
			repositoryURL = "https://github.com/realm/realm-cocoa.git";
			requirement = {
				kind = upToNextMajorVersion;
				minimumVersion = 10.18.0;
			};
		};
/* End XCRemoteSwiftPackageReference section */

/* Begin XCSwiftPackageProductDependency section */
		1A01EA3227326E8300F8959F /* Realm */ = {
			isa = XCSwiftPackageProductDependency;
			package = 1A01EA3127326E8300F8959F /* XCRemoteSwiftPackageReference "realm-cocoa" */;
			productName = Realm;
		};
		1A01EA3427326E8300F8959F /* RealmSwift */ = {
			isa = XCSwiftPackageProductDependency;
			package = 1A01EA3127326E8300F8959F /* XCRemoteSwiftPackageReference "realm-cocoa" */;
			productName = RealmSwift;
		};
/* End XCSwiftPackageProductDependency section */
	};
	rootObject = 1A01EA0E273269AA00F8959F /* Project object */;
}
